<?xml version="1.0" encoding="utf-8"?>
<Project ToolsVersion="4.0" xmlns="http://schemas.microsoft.com/developer/msbuild/2003">
  <ItemGroup>
    <Filter Include="Sources">
      <UniqueIdentifier>{8b7ed093-66ce-4096-96d2-fbb9faa4bf52}</UniqueIdentifier>
    </Filter>
    <Filter Include="Sources\Modules">
      <UniqueIdentifier>{7b418be2-1631-4a31-9ef2-8a8b234a7339}</UniqueIdentifier>
    </Filter>
    <Filter Include="Sources\Containers">
      <UniqueIdentifier>{afc36133-f401-499a-aa33-0da1e500fb52}</UniqueIdentifier>
    </Filter>
    <Filter Include="Sources\Tools">
      <UniqueIdentifier>{7e4dfaf7-022c-4f7d-92aa-f3b3fa9d6248}</UniqueIdentifier>
    </Filter>
    <Filter Include="Sources\Helpers">
      <UniqueIdentifier>{121f8e6b-df36-4ab0-be0d-601ddfc9e503}</UniqueIdentifier>
    </Filter>
    <Filter Include="Sources\Modules\Game">
      <UniqueIdentifier>{83f46af7-e02f-40c0-9e56-41d76082527b}</UniqueIdentifier>
    </Filter>
    <Filter Include="Sources\Tools\ImGui">
      <UniqueIdentifier>{69bed194-8fd0-4bf6-8437-cb167392d1fb}</UniqueIdentifier>
    </Filter>
    <Filter Include="Sources\Tools\Assimp">
      <UniqueIdentifier>{bf90c9f6-df97-47af-b7b6-63b675a45b4e}</UniqueIdentifier>
    </Filter>
    <Filter Include="Sources\Tools\MathGeoLib">
      <UniqueIdentifier>{584f0def-0bf7-4d61-bc77-3ad5a1554a09}</UniqueIdentifier>
    </Filter>
    <Filter Include="Sources\Tools\MathGeoLib\Algorithm">
      <UniqueIdentifier>{7eeddab4-3b23-41b4-8a87-629d36f3b9a2}</UniqueIdentifier>
    </Filter>
    <Filter Include="Sources\Tools\MathGeoLib\Geometry">
      <UniqueIdentifier>{9230a83c-4199-4b93-a937-4d2d199738c9}</UniqueIdentifier>
    </Filter>
    <Filter Include="Sources\Tools\MathGeoLib\Math">
      <UniqueIdentifier>{2e096390-6260-498e-9798-d2fa0e391d46}</UniqueIdentifier>
    </Filter>
    <Filter Include="Sources\Tools\MathGeoLib\Time">
      <UniqueIdentifier>{2ac0dba9-b758-48f6-97ef-bd94dcbdef15}</UniqueIdentifier>
    </Filter>
    <Filter Include="Sources\Tools\PhysFS">
      <UniqueIdentifier>{032161f0-233a-4faf-9cb2-cc4dd8ff9813}</UniqueIdentifier>
    </Filter>
    <Filter Include="Sources\Modules\Components GameObject">
      <UniqueIdentifier>{d80acf1f-3c0e-4cb0-bb81-4d4df8db5b65}</UniqueIdentifier>
    </Filter>
    <Filter Include="Sources\Modules\UI">
      <UniqueIdentifier>{54be3e61-1837-4f75-8808-15b6c3a7f13c}</UniqueIdentifier>
    </Filter>
    <Filter Include="Sources\Tools\Par_shapes">
      <UniqueIdentifier>{6896b1b2-17e0-4f62-a95d-90c54713a655}</UniqueIdentifier>
    </Filter>
  </ItemGroup>
  <ItemGroup>
    <ClInclude Include="Module.h">
      <Filter>Sources\Modules</Filter>
    </ClInclude>
    <ClInclude Include="ModuleCamera3D.h">
      <Filter>Sources\Modules</Filter>
    </ClInclude>
    <ClInclude Include="ModuleInput.h">
      <Filter>Sources\Modules</Filter>
    </ClInclude>
    <ClInclude Include="ModuleRenderer3D.h">
      <Filter>Sources\Modules</Filter>
    </ClInclude>
    <ClInclude Include="ModuleWindow.h">
      <Filter>Sources\Modules</Filter>
    </ClInclude>
    <ClInclude Include="glmath.h">
      <Filter>Sources\Containers</Filter>
    </ClInclude>
    <ClInclude Include="Application.h">
      <Filter>Sources</Filter>
    </ClInclude>
    <ClInclude Include="Globals.h">
      <Filter>Sources</Filter>
    </ClInclude>
    <ClInclude Include="Primitive.h">
      <Filter>Sources\Helpers</Filter>
    </ClInclude>
    <ClInclude Include="Color.h">
      <Filter>Sources\Containers</Filter>
    </ClInclude>
    <ClInclude Include="Light.h">
      <Filter>Sources\Helpers</Filter>
    </ClInclude>
    <ClInclude Include="ModuleSceneIntro.h">
      <Filter>Sources\Modules\Game</Filter>
    </ClInclude>
    <ClInclude Include="Timer.h">
      <Filter>Sources\Tools</Filter>
    </ClInclude>
    <ClInclude Include="ModuleUI.h">
      <Filter>Sources\Modules\UI</Filter>
    </ClInclude>
    <ClInclude Include="ModuleLoadFBX.h">
      <Filter>Sources\Modules</Filter>
    </ClInclude>
    <ClInclude Include="Assimp\include\aabb.h">
      <Filter>Sources\Tools\Assimp</Filter>
    </ClInclude>
    <ClInclude Include="Assimp\include\ai_assert.h">
      <Filter>Sources\Tools\Assimp</Filter>
    </ClInclude>
    <ClInclude Include="Assimp\include\anim.h">
      <Filter>Sources\Tools\Assimp</Filter>
    </ClInclude>
    <ClInclude Include="Assimp\include\BaseImporter.h">
      <Filter>Sources\Tools\Assimp</Filter>
    </ClInclude>
    <ClInclude Include="Assimp\include\Bitmap.h">
      <Filter>Sources\Tools\Assimp</Filter>
    </ClInclude>
    <ClInclude Include="Assimp\include\BlobIOSystem.h">
      <Filter>Sources\Tools\Assimp</Filter>
    </ClInclude>
    <ClInclude Include="Assimp\include\ByteSwapper.h">
      <Filter>Sources\Tools\Assimp</Filter>
    </ClInclude>
    <ClInclude Include="Assimp\include\camera.h">
      <Filter>Sources\Tools\Assimp</Filter>
    </ClInclude>
    <ClInclude Include="Assimp\include\cexport.h">
      <Filter>Sources\Tools\Assimp</Filter>
    </ClInclude>
    <ClInclude Include="Assimp\include\cfileio.h">
      <Filter>Sources\Tools\Assimp</Filter>
    </ClInclude>
    <ClInclude Include="Assimp\include\cimport.h">
      <Filter>Sources\Tools\Assimp</Filter>
    </ClInclude>
    <ClInclude Include="Assimp\include\color4.h">
      <Filter>Sources\Tools\Assimp</Filter>
    </ClInclude>
    <ClInclude Include="Assimp\include\CreateAnimMesh.h">
      <Filter>Sources\Tools\Assimp</Filter>
    </ClInclude>
    <ClInclude Include="Assimp\include\DefaultIOStream.h">
      <Filter>Sources\Tools\Assimp</Filter>
    </ClInclude>
    <ClInclude Include="Assimp\include\DefaultIOSystem.h">
      <Filter>Sources\Tools\Assimp</Filter>
    </ClInclude>
    <ClInclude Include="Assimp\include\DefaultLogger.hpp">
      <Filter>Sources\Tools\Assimp</Filter>
    </ClInclude>
    <ClInclude Include="Assimp\include\Defines.h">
      <Filter>Sources\Tools\Assimp</Filter>
    </ClInclude>
    <ClInclude Include="Assimp\include\defs.h">
      <Filter>Sources\Tools\Assimp</Filter>
    </ClInclude>
    <ClInclude Include="Assimp\include\Exceptional.h">
      <Filter>Sources\Tools\Assimp</Filter>
    </ClInclude>
    <ClInclude Include="Assimp\include\Exporter.hpp">
      <Filter>Sources\Tools\Assimp</Filter>
    </ClInclude>
    <ClInclude Include="Assimp\include\fast_atof.h">
      <Filter>Sources\Tools\Assimp</Filter>
    </ClInclude>
    <ClInclude Include="Assimp\include\GenericProperty.h">
      <Filter>Sources\Tools\Assimp</Filter>
    </ClInclude>
    <ClInclude Include="Assimp\include\Hash.h">
      <Filter>Sources\Tools\Assimp</Filter>
    </ClInclude>
    <ClInclude Include="Assimp\include\Importer.hpp">
      <Filter>Sources\Tools\Assimp</Filter>
    </ClInclude>
    <ClInclude Include="Assimp\include\importerdesc.h">
      <Filter>Sources\Tools\Assimp</Filter>
    </ClInclude>
    <ClInclude Include="Assimp\include\IOStream.hpp">
      <Filter>Sources\Tools\Assimp</Filter>
    </ClInclude>
    <ClInclude Include="Assimp\include\IOStreamBuffer.h">
      <Filter>Sources\Tools\Assimp</Filter>
    </ClInclude>
    <ClInclude Include="Assimp\include\IOSystem.hpp">
      <Filter>Sources\Tools\Assimp</Filter>
    </ClInclude>
    <ClInclude Include="Assimp\include\irrXMLWrapper.h">
      <Filter>Sources\Tools\Assimp</Filter>
    </ClInclude>
    <ClInclude Include="Assimp\include\light.h">
      <Filter>Sources\Tools\Assimp</Filter>
    </ClInclude>
    <ClInclude Include="Assimp\include\LineSplitter.h">
      <Filter>Sources\Tools\Assimp</Filter>
    </ClInclude>
    <ClInclude Include="Assimp\include\LogAux.h">
      <Filter>Sources\Tools\Assimp</Filter>
    </ClInclude>
    <ClInclude Include="Assimp\include\Logger.hpp">
      <Filter>Sources\Tools\Assimp</Filter>
    </ClInclude>
    <ClInclude Include="Assimp\include\LogStream.hpp">
      <Filter>Sources\Tools\Assimp</Filter>
    </ClInclude>
    <ClInclude Include="Assimp\include\Macros.h">
      <Filter>Sources\Tools\Assimp</Filter>
    </ClInclude>
    <ClInclude Include="Assimp\include\material.h">
      <Filter>Sources\Tools\Assimp</Filter>
    </ClInclude>
    <ClInclude Include="Assimp\include\MathFunctions.h">
      <Filter>Sources\Tools\Assimp</Filter>
    </ClInclude>
    <ClInclude Include="Assimp\include\matrix3x3.h">
      <Filter>Sources\Tools\Assimp</Filter>
    </ClInclude>
    <ClInclude Include="Assimp\include\matrix4x4.h">
      <Filter>Sources\Tools\Assimp</Filter>
    </ClInclude>
    <ClInclude Include="Assimp\include\MemoryIOWrapper.h">
      <Filter>Sources\Tools\Assimp</Filter>
    </ClInclude>
    <ClInclude Include="Assimp\include\mesh.h">
      <Filter>Sources\Tools\Assimp</Filter>
    </ClInclude>
    <ClInclude Include="Assimp\include\metadata.h">
      <Filter>Sources\Tools\Assimp</Filter>
    </ClInclude>
    <ClInclude Include="Assimp\include\NullLogger.hpp">
      <Filter>Sources\Tools\Assimp</Filter>
    </ClInclude>
    <ClInclude Include="Assimp\include\ParsingUtils.h">
      <Filter>Sources\Tools\Assimp</Filter>
    </ClInclude>
    <ClInclude Include="Assimp\include\pbrmaterial.h">
      <Filter>Sources\Tools\Assimp</Filter>
    </ClInclude>
    <ClInclude Include="Assimp\include\postprocess.h">
      <Filter>Sources\Tools\Assimp</Filter>
    </ClInclude>
    <ClInclude Include="Assimp\include\Profiler.h">
      <Filter>Sources\Tools\Assimp</Filter>
    </ClInclude>
    <ClInclude Include="Assimp\include\ProgressHandler.hpp">
      <Filter>Sources\Tools\Assimp</Filter>
    </ClInclude>
    <ClInclude Include="Assimp\include\qnan.h">
      <Filter>Sources\Tools\Assimp</Filter>
    </ClInclude>
    <ClInclude Include="Assimp\include\quaternion.h">
      <Filter>Sources\Tools\Assimp</Filter>
    </ClInclude>
    <ClInclude Include="Assimp\include\RemoveComments.h">
      <Filter>Sources\Tools\Assimp</Filter>
    </ClInclude>
    <ClInclude Include="Assimp\include\scene.h">
      <Filter>Sources\Tools\Assimp</Filter>
    </ClInclude>
    <ClInclude Include="Assimp\include\SceneCombiner.h">
      <Filter>Sources\Tools\Assimp</Filter>
    </ClInclude>
    <ClInclude Include="Assimp\include\SGSpatialSort.h">
      <Filter>Sources\Tools\Assimp</Filter>
    </ClInclude>
    <ClInclude Include="Assimp\include\SkeletonMeshBuilder.h">
      <Filter>Sources\Tools\Assimp</Filter>
    </ClInclude>
    <ClInclude Include="Assimp\include\SmoothingGroups.h">
      <Filter>Sources\Tools\Assimp</Filter>
    </ClInclude>
    <ClInclude Include="Assimp\include\SpatialSort.h">
      <Filter>Sources\Tools\Assimp</Filter>
    </ClInclude>
    <ClInclude Include="Assimp\include\StandardShapes.h">
      <Filter>Sources\Tools\Assimp</Filter>
    </ClInclude>
    <ClInclude Include="Assimp\include\StreamReader.h">
      <Filter>Sources\Tools\Assimp</Filter>
    </ClInclude>
    <ClInclude Include="Assimp\include\StreamWriter.h">
      <Filter>Sources\Tools\Assimp</Filter>
    </ClInclude>
    <ClInclude Include="Assimp\include\StringComparison.h">
      <Filter>Sources\Tools\Assimp</Filter>
    </ClInclude>
    <ClInclude Include="Assimp\include\StringUtils.h">
      <Filter>Sources\Tools\Assimp</Filter>
    </ClInclude>
    <ClInclude Include="Assimp\include\Subdivision.h">
      <Filter>Sources\Tools\Assimp</Filter>
    </ClInclude>
    <ClInclude Include="Assimp\include\texture.h">
      <Filter>Sources\Tools\Assimp</Filter>
    </ClInclude>
    <ClInclude Include="Assimp\include\TinyFormatter.h">
      <Filter>Sources\Tools\Assimp</Filter>
    </ClInclude>
    <ClInclude Include="Assimp\include\types.h">
      <Filter>Sources\Tools\Assimp</Filter>
    </ClInclude>
    <ClInclude Include="Assimp\include\vector2.h">
      <Filter>Sources\Tools\Assimp</Filter>
    </ClInclude>
    <ClInclude Include="Assimp\include\vector3.h">
      <Filter>Sources\Tools\Assimp</Filter>
    </ClInclude>
    <ClInclude Include="Assimp\include\version.h">
      <Filter>Sources\Tools\Assimp</Filter>
    </ClInclude>
    <ClInclude Include="Assimp\include\Vertex.h">
      <Filter>Sources\Tools\Assimp</Filter>
    </ClInclude>
    <ClInclude Include="Assimp\include\XMLTools.h">
      <Filter>Sources\Tools\Assimp</Filter>
    </ClInclude>
    <ClInclude Include="JSON\parson.h">
      <Filter>Sources\Helpers</Filter>
    </ClInclude>
    <ClInclude Include="Window.h">
      <Filter>Sources\Modules\UI</Filter>
    </ClInclude>
    <ClInclude Include="ConfigWindow.h">
      <Filter>Sources\Modules\UI</Filter>
    </ClInclude>
    <ClInclude Include="MathGeoLib\include\Algorithm\Random\LCG.h">
      <Filter>Sources\Tools\MathGeoLib\Algorithm</Filter>
    </ClInclude>
    <ClInclude Include="MathGeoLib\include\Geometry\AABB.h">
      <Filter>Sources\Tools\MathGeoLib\Geometry</Filter>
    </ClInclude>
    <ClInclude Include="MathGeoLib\include\Geometry\AABB2D.h">
      <Filter>Sources\Tools\MathGeoLib\Geometry</Filter>
    </ClInclude>
    <ClInclude Include="MathGeoLib\include\Geometry\Capsule.h">
      <Filter>Sources\Tools\MathGeoLib\Geometry</Filter>
    </ClInclude>
    <ClInclude Include="MathGeoLib\include\Geometry\Circle.h">
      <Filter>Sources\Tools\MathGeoLib\Geometry</Filter>
    </ClInclude>
    <ClInclude Include="MathGeoLib\include\Geometry\Cone.h">
      <Filter>Sources\Tools\MathGeoLib\Geometry</Filter>
    </ClInclude>
    <ClInclude Include="MathGeoLib\include\Geometry\Cylinder.h">
      <Filter>Sources\Tools\MathGeoLib\Geometry</Filter>
    </ClInclude>
    <ClInclude Include="MathGeoLib\include\Geometry\Frustum.h">
      <Filter>Sources\Tools\MathGeoLib\Geometry</Filter>
    </ClInclude>
    <ClInclude Include="MathGeoLib\include\Geometry\GeometryAll.h">
      <Filter>Sources\Tools\MathGeoLib\Geometry</Filter>
    </ClInclude>
    <ClInclude Include="MathGeoLib\include\Geometry\GeomType.h">
      <Filter>Sources\Tools\MathGeoLib\Geometry</Filter>
    </ClInclude>
    <ClInclude Include="MathGeoLib\include\Geometry\HitInfo.h">
      <Filter>Sources\Tools\MathGeoLib\Geometry</Filter>
    </ClInclude>
    <ClInclude Include="MathGeoLib\include\Geometry\KDTree.h">
      <Filter>Sources\Tools\MathGeoLib\Geometry</Filter>
    </ClInclude>
    <ClInclude Include="MathGeoLib\include\Geometry\Line.h">
      <Filter>Sources\Tools\MathGeoLib\Geometry</Filter>
    </ClInclude>
    <ClInclude Include="MathGeoLib\include\Geometry\LineSegment.h">
      <Filter>Sources\Tools\MathGeoLib\Geometry</Filter>
    </ClInclude>
    <ClInclude Include="MathGeoLib\include\Geometry\OBB.h">
      <Filter>Sources\Tools\MathGeoLib\Geometry</Filter>
    </ClInclude>
    <ClInclude Include="MathGeoLib\include\Geometry\PBVolume.h">
      <Filter>Sources\Tools\MathGeoLib\Geometry</Filter>
    </ClInclude>
    <ClInclude Include="MathGeoLib\include\Geometry\Plane.h">
      <Filter>Sources\Tools\MathGeoLib\Geometry</Filter>
    </ClInclude>
    <ClInclude Include="MathGeoLib\include\Geometry\Polygon.h">
      <Filter>Sources\Tools\MathGeoLib\Geometry</Filter>
    </ClInclude>
    <ClInclude Include="MathGeoLib\include\Geometry\Polyhedron.h">
      <Filter>Sources\Tools\MathGeoLib\Geometry</Filter>
    </ClInclude>
    <ClInclude Include="MathGeoLib\include\Geometry\QuadTree.h">
      <Filter>Sources\Tools\MathGeoLib\Geometry</Filter>
    </ClInclude>
    <ClInclude Include="MathGeoLib\include\Geometry\Ray.h">
      <Filter>Sources\Tools\MathGeoLib\Geometry</Filter>
    </ClInclude>
    <ClInclude Include="MathGeoLib\include\Geometry\Sphere.h">
      <Filter>Sources\Tools\MathGeoLib\Geometry</Filter>
    </ClInclude>
    <ClInclude Include="MathGeoLib\include\Geometry\Triangle.h">
      <Filter>Sources\Tools\MathGeoLib\Geometry</Filter>
    </ClInclude>
    <ClInclude Include="MathGeoLib\include\Geometry\TriangleMesh.h">
      <Filter>Sources\Tools\MathGeoLib\Geometry</Filter>
    </ClInclude>
    <ClInclude Include="MathGeoLib\include\Math\assume.h">
      <Filter>Sources\Tools\MathGeoLib\Math</Filter>
    </ClInclude>
    <ClInclude Include="MathGeoLib\include\Math\BitOps.h">
      <Filter>Sources\Tools\MathGeoLib\Math</Filter>
    </ClInclude>
    <ClInclude Include="MathGeoLib\include\Math\Complex.h">
      <Filter>Sources\Tools\MathGeoLib\Math</Filter>
    </ClInclude>
    <ClInclude Include="MathGeoLib\include\Math\CoordinateAxisConvention.h">
      <Filter>Sources\Tools\MathGeoLib\Math</Filter>
    </ClInclude>
    <ClInclude Include="MathGeoLib\include\Math\FixedPoint.h">
      <Filter>Sources\Tools\MathGeoLib\Math</Filter>
    </ClInclude>
    <ClInclude Include="MathGeoLib\include\Math\float2.h">
      <Filter>Sources\Tools\MathGeoLib\Math</Filter>
    </ClInclude>
    <ClInclude Include="MathGeoLib\include\Math\float3.h">
      <Filter>Sources\Tools\MathGeoLib\Math</Filter>
    </ClInclude>
    <ClInclude Include="MathGeoLib\include\Math\float3x3.h">
      <Filter>Sources\Tools\MathGeoLib\Math</Filter>
    </ClInclude>
    <ClInclude Include="MathGeoLib\include\Math\float3x4.h">
      <Filter>Sources\Tools\MathGeoLib\Math</Filter>
    </ClInclude>
    <ClInclude Include="MathGeoLib\include\Math\float4.h">
      <Filter>Sources\Tools\MathGeoLib\Math</Filter>
    </ClInclude>
    <ClInclude Include="MathGeoLib\include\Math\float4_neon.h">
      <Filter>Sources\Tools\MathGeoLib\Math</Filter>
    </ClInclude>
    <ClInclude Include="MathGeoLib\include\Math\float4_sse.h">
      <Filter>Sources\Tools\MathGeoLib\Math</Filter>
    </ClInclude>
    <ClInclude Include="MathGeoLib\include\Math\float4x4.h">
      <Filter>Sources\Tools\MathGeoLib\Math</Filter>
    </ClInclude>
    <ClInclude Include="MathGeoLib\include\Math\float4x4_neon.h">
      <Filter>Sources\Tools\MathGeoLib\Math</Filter>
    </ClInclude>
    <ClInclude Include="MathGeoLib\include\Math\float4x4_sse.h">
      <Filter>Sources\Tools\MathGeoLib\Math</Filter>
    </ClInclude>
    <ClInclude Include="MathGeoLib\include\Math\FloatCmp.h">
      <Filter>Sources\Tools\MathGeoLib\Math</Filter>
    </ClInclude>
    <ClInclude Include="MathGeoLib\include\Math\MathAll.h">
      <Filter>Sources\Tools\MathGeoLib\Math</Filter>
    </ClInclude>
    <ClInclude Include="MathGeoLib\include\Math\MathConstants.h">
      <Filter>Sources\Tools\MathGeoLib\Math</Filter>
    </ClInclude>
    <ClInclude Include="MathGeoLib\include\Math\MathFunc.h">
      <Filter>Sources\Tools\MathGeoLib\Math</Filter>
    </ClInclude>
    <ClInclude Include="MathGeoLib\include\Math\MathLog.h">
      <Filter>Sources\Tools\MathGeoLib\Math</Filter>
    </ClInclude>
    <ClInclude Include="MathGeoLib\include\Math\MathNamespace.h">
      <Filter>Sources\Tools\MathGeoLib\Math</Filter>
    </ClInclude>
    <ClInclude Include="MathGeoLib\include\Math\MathTypes.h">
      <Filter>Sources\Tools\MathGeoLib\Math</Filter>
    </ClInclude>
    <ClInclude Include="MathGeoLib\include\Math\MatrixProxy.h">
      <Filter>Sources\Tools\MathGeoLib\Math</Filter>
    </ClInclude>
    <ClInclude Include="MathGeoLib\include\Math\myassert.h">
      <Filter>Sources\Tools\MathGeoLib\Math</Filter>
    </ClInclude>
    <ClInclude Include="MathGeoLib\include\Math\Polynomial.h">
      <Filter>Sources\Tools\MathGeoLib\Math</Filter>
    </ClInclude>
    <ClInclude Include="MathGeoLib\include\Math\Quat.h">
      <Filter>Sources\Tools\MathGeoLib\Math</Filter>
    </ClInclude>
    <ClInclude Include="MathGeoLib\include\Math\quat_simd.h">
      <Filter>Sources\Tools\MathGeoLib\Math</Filter>
    </ClInclude>
    <ClInclude Include="MathGeoLib\include\Math\Rect.h">
      <Filter>Sources\Tools\MathGeoLib\Math</Filter>
    </ClInclude>
    <ClInclude Include="MathGeoLib\include\Math\Reinterpret.h">
      <Filter>Sources\Tools\MathGeoLib\Math</Filter>
    </ClInclude>
    <ClInclude Include="MathGeoLib\include\Math\sse_mathfun.h">
      <Filter>Sources\Tools\MathGeoLib\Math</Filter>
    </ClInclude>
    <ClInclude Include="MathGeoLib\include\Math\SSEMath.h">
      <Filter>Sources\Tools\MathGeoLib\Math</Filter>
    </ClInclude>
    <ClInclude Include="MathGeoLib\include\Math\TransformOps.h">
      <Filter>Sources\Tools\MathGeoLib\Math</Filter>
    </ClInclude>
    <ClInclude Include="MathGeoLib\include\Time\Clock.h">
      <Filter>Sources\Tools\MathGeoLib\Time</Filter>
    </ClInclude>
    <ClInclude Include="MathGeoLib\include\MathBuildConfig.h">
      <Filter>Sources\Tools\MathGeoLib</Filter>
    </ClInclude>
    <ClInclude Include="MathGeoLib\include\MathGeoLib.h">
      <Filter>Sources\Tools\MathGeoLib</Filter>
    </ClInclude>
    <ClInclude Include="MathGeoLib\include\MathGeoLibFwd.h">
      <Filter>Sources\Tools\MathGeoLib</Filter>
    </ClInclude>
    <ClInclude Include="AboutWindow.h">
      <Filter>Sources\Modules\UI</Filter>
    </ClInclude>
    <ClInclude Include="ConsoleWindow.h">
      <Filter>Sources\Modules\UI</Filter>
    </ClInclude>
    <ClInclude Include="ImGui\imconfig.h">
      <Filter>Sources\Tools\ImGui</Filter>
    </ClInclude>
    <ClInclude Include="ImGui\imgui.h">
      <Filter>Sources\Tools\ImGui</Filter>
    </ClInclude>
    <ClInclude Include="ImGui\imgui_impl_opengl3.h">
      <Filter>Sources\Tools\ImGui</Filter>
    </ClInclude>
    <ClInclude Include="ImGui\imgui_impl_sdl.h">
      <Filter>Sources\Tools\ImGui</Filter>
    </ClInclude>
    <ClInclude Include="ImGui\imgui_internal.h">
      <Filter>Sources\Tools\ImGui</Filter>
    </ClInclude>
    <ClInclude Include="ImGui\imstb_rectpack.h">
      <Filter>Sources\Tools\ImGui</Filter>
    </ClInclude>
    <ClInclude Include="ImGui\imstb_textedit.h">
      <Filter>Sources\Tools\ImGui</Filter>
    </ClInclude>
    <ClInclude Include="ImGui\imstb_truetype.h">
      <Filter>Sources\Tools\ImGui</Filter>
    </ClInclude>
    <ClInclude Include="AddWindow.h">
      <Filter>Sources\Modules\UI</Filter>
    </ClInclude>
    <ClInclude Include="ModuleGameObject.h">
      <Filter>Sources\Modules</Filter>
    </ClInclude>
    <ClInclude Include="ModuleComponent.h">
      <Filter>Sources\Modules</Filter>
    </ClInclude>
    <ClInclude Include="ModuleFileSystem.h">
      <Filter>Sources\Modules</Filter>
    </ClInclude>
    <ClInclude Include="..\..\..\..\Desktop\Edu-Game-Engine-master\Source\PhysFS\include\physfs.h">
      <Filter>Sources\Tools\PhysFS</Filter>
    </ClInclude>
    <ClInclude Include="Mesh.h">
      <Filter>Sources\Modules\Components GameObject</Filter>
    </ClInclude>
    <ClInclude Include="Transform.h">
      <Filter>Sources\Modules\Components GameObject</Filter>
    </ClInclude>
    <ClInclude Include="Material.h">
      <Filter>Sources\Modules\Components GameObject</Filter>
    </ClInclude>
    <ClInclude Include="HierarchyWindow.h">
      <Filter>Sources\Modules\UI</Filter>
    </ClInclude>
    <ClInclude Include="InspectorWindow.h">
      <Filter>Sources\Modules\UI</Filter>
    </ClInclude>
    <ClInclude Include="ParShapes\par_shapes.h">
      <Filter>Sources\Tools\Par_shapes</Filter>
    </ClInclude>
    <ClInclude Include="Camera.h">
      <Filter>Sources\Modules\Components GameObject</Filter>
    </ClInclude>
    <ClInclude Include="SerializationScene.h">
      <Filter>Sources\Modules</Filter>
    </ClInclude>
    <ClInclude Include="Config.h">
      <Filter>Sources\Tools</Filter>
    </ClInclude>
    <ClInclude Include="SaveLoadWindow.h">
      <Filter>Sources\Modules\UI</Filter>
    </ClInclude>
    <ClInclude Include="TimeManagementWindow.h">
      <Filter>Sources\Modules\UI</Filter>
    </ClInclude>
  </ItemGroup>
  <ItemGroup>
    <ClCompile Include="ModuleCamera3D.cpp">
      <Filter>Sources\Modules</Filter>
    </ClCompile>
    <ClCompile Include="ModuleInput.cpp">
      <Filter>Sources\Modules</Filter>
    </ClCompile>
    <ClCompile Include="ModuleRenderer3D.cpp">
      <Filter>Sources\Modules</Filter>
    </ClCompile>
    <ClCompile Include="ModuleWindow.cpp">
      <Filter>Sources\Modules</Filter>
    </ClCompile>
    <ClCompile Include="log.cpp">
      <Filter>Sources\Tools</Filter>
    </ClCompile>
    <ClCompile Include="Timer.cpp">
      <Filter>Sources\Tools</Filter>
    </ClCompile>
    <ClCompile Include="Application.cpp">
      <Filter>Sources</Filter>
    </ClCompile>
    <ClCompile Include="Main.cpp">
      <Filter>Sources</Filter>
    </ClCompile>
    <ClCompile Include="glmath.cpp">
      <Filter>Sources\Containers</Filter>
    </ClCompile>
    <ClCompile Include="Primitive.cpp">
      <Filter>Sources\Helpers</Filter>
    </ClCompile>
    <ClCompile Include="Color.cpp">
      <Filter>Sources\Containers</Filter>
    </ClCompile>
    <ClCompile Include="Light.cpp">
      <Filter>Sources\Helpers</Filter>
    </ClCompile>
    <ClCompile Include="ModuleSceneIntro.cpp">
      <Filter>Sources\Modules\Game</Filter>
    </ClCompile>
    <ClCompile Include="ModuleUI.cpp">
      <Filter>Sources\Modules\UI</Filter>
    </ClCompile>
    <ClCompile Include="ModuleLoadFBX.cpp">
      <Filter>Sources\Modules</Filter>
    </ClCompile>
    <ClCompile Include="JSON\parson.c">
      <Filter>Sources\Helpers</Filter>
    </ClCompile>
    <ClCompile Include="Window.cpp">
      <Filter>Sources\Modules\UI</Filter>
    </ClCompile>
    <ClCompile Include="ConfigWindow.cpp">
      <Filter>Sources\Modules\UI</Filter>
    </ClCompile>
    <ClCompile Include="MathGeoLib\include\Algorithm\Random\LCG.cpp">
      <Filter>Sources\Tools\MathGeoLib\Algorithm</Filter>
    </ClCompile>
    <ClCompile Include="MathGeoLib\include\Geometry\AABB.cpp">
      <Filter>Sources\Tools\MathGeoLib\Geometry</Filter>
    </ClCompile>
    <ClCompile Include="MathGeoLib\include\Geometry\Capsule.cpp">
      <Filter>Sources\Tools\MathGeoLib\Geometry</Filter>
    </ClCompile>
    <ClCompile Include="MathGeoLib\include\Geometry\Circle.cpp">
      <Filter>Sources\Tools\MathGeoLib\Geometry</Filter>
    </ClCompile>
    <ClCompile Include="MathGeoLib\include\Geometry\Cone.cpp">
      <Filter>Sources\Tools\MathGeoLib\Geometry</Filter>
    </ClCompile>
    <ClCompile Include="MathGeoLib\include\Geometry\Cylinder.cpp">
      <Filter>Sources\Tools\MathGeoLib\Geometry</Filter>
    </ClCompile>
    <ClCompile Include="MathGeoLib\include\Geometry\Frustum.cpp">
      <Filter>Sources\Tools\MathGeoLib\Geometry</Filter>
    </ClCompile>
    <ClCompile Include="MathGeoLib\include\Geometry\Line.cpp">
      <Filter>Sources\Tools\MathGeoLib\Geometry</Filter>
    </ClCompile>
    <ClCompile Include="MathGeoLib\include\Geometry\LineSegment.cpp">
      <Filter>Sources\Tools\MathGeoLib\Geometry</Filter>
    </ClCompile>
    <ClCompile Include="MathGeoLib\include\Geometry\OBB.cpp">
      <Filter>Sources\Tools\MathGeoLib\Geometry</Filter>
    </ClCompile>
    <ClCompile Include="MathGeoLib\include\Geometry\Plane.cpp">
      <Filter>Sources\Tools\MathGeoLib\Geometry</Filter>
    </ClCompile>
    <ClCompile Include="MathGeoLib\include\Geometry\Polygon.cpp">
      <Filter>Sources\Tools\MathGeoLib\Geometry</Filter>
    </ClCompile>
    <ClCompile Include="MathGeoLib\include\Geometry\Polyhedron.cpp">
      <Filter>Sources\Tools\MathGeoLib\Geometry</Filter>
    </ClCompile>
    <ClCompile Include="MathGeoLib\include\Geometry\Ray.cpp">
      <Filter>Sources\Tools\MathGeoLib\Geometry</Filter>
    </ClCompile>
    <ClCompile Include="MathGeoLib\include\Geometry\Sphere.cpp">
      <Filter>Sources\Tools\MathGeoLib\Geometry</Filter>
    </ClCompile>
    <ClCompile Include="MathGeoLib\include\Geometry\Triangle.cpp">
      <Filter>Sources\Tools\MathGeoLib\Geometry</Filter>
    </ClCompile>
    <ClCompile Include="MathGeoLib\include\Geometry\TriangleMesh.cpp">
      <Filter>Sources\Tools\MathGeoLib\Geometry</Filter>
    </ClCompile>
    <ClCompile Include="MathGeoLib\include\Math\BitOps.cpp">
      <Filter>Sources\Tools\MathGeoLib\Math</Filter>
    </ClCompile>
    <ClCompile Include="MathGeoLib\include\Math\float2.cpp">
      <Filter>Sources\Tools\MathGeoLib\Math</Filter>
    </ClCompile>
    <ClCompile Include="MathGeoLib\include\Math\float3.cpp">
      <Filter>Sources\Tools\MathGeoLib\Math</Filter>
    </ClCompile>
    <ClCompile Include="MathGeoLib\include\Math\float3x3.cpp">
      <Filter>Sources\Tools\MathGeoLib\Math</Filter>
    </ClCompile>
    <ClCompile Include="MathGeoLib\include\Math\float3x4.cpp">
      <Filter>Sources\Tools\MathGeoLib\Math</Filter>
    </ClCompile>
    <ClCompile Include="MathGeoLib\include\Math\float4.cpp">
      <Filter>Sources\Tools\MathGeoLib\Math</Filter>
    </ClCompile>
    <ClCompile Include="MathGeoLib\include\Math\float4x4.cpp">
      <Filter>Sources\Tools\MathGeoLib\Math</Filter>
    </ClCompile>
    <ClCompile Include="MathGeoLib\include\Math\MathFunc.cpp">
      <Filter>Sources\Tools\MathGeoLib\Math</Filter>
    </ClCompile>
    <ClCompile Include="MathGeoLib\include\Math\MathLog.cpp">
      <Filter>Sources\Tools\MathGeoLib\Math</Filter>
    </ClCompile>
    <ClCompile Include="MathGeoLib\include\Math\MathOps.cpp">
      <Filter>Sources\Tools\MathGeoLib\Math</Filter>
    </ClCompile>
    <ClCompile Include="MathGeoLib\include\Math\Polynomial.cpp">
      <Filter>Sources\Tools\MathGeoLib\Math</Filter>
    </ClCompile>
    <ClCompile Include="MathGeoLib\include\Math\Quat.cpp">
      <Filter>Sources\Tools\MathGeoLib\Math</Filter>
    </ClCompile>
    <ClCompile Include="MathGeoLib\include\Math\SSEMath.cpp">
      <Filter>Sources\Tools\MathGeoLib\Math</Filter>
    </ClCompile>
    <ClCompile Include="MathGeoLib\include\Math\TransformOps.cpp">
      <Filter>Sources\Tools\MathGeoLib\Math</Filter>
    </ClCompile>
    <ClCompile Include="MathGeoLib\include\Time\Clock.cpp">
      <Filter>Sources\Tools\MathGeoLib\Time</Filter>
    </ClCompile>
    <ClCompile Include="AboutWindow.cpp">
      <Filter>Sources\Modules\UI</Filter>
    </ClCompile>
    <ClCompile Include="ConsoleWindow.cpp">
      <Filter>Sources\Modules\UI</Filter>
    </ClCompile>
    <ClCompile Include="ImGui\imgui.cpp">
      <Filter>Sources\Tools\ImGui</Filter>
    </ClCompile>
    <ClCompile Include="ImGui\imgui_demo.cpp">
      <Filter>Sources\Tools\ImGui</Filter>
    </ClCompile>
    <ClCompile Include="ImGui\imgui_draw.cpp">
      <Filter>Sources\Tools\ImGui</Filter>
    </ClCompile>
    <ClCompile Include="ImGui\imgui_impl_opengl3.cpp">
      <Filter>Sources\Tools\ImGui</Filter>
    </ClCompile>
    <ClCompile Include="ImGui\imgui_impl_sdl.cpp">
      <Filter>Sources\Tools\ImGui</Filter>
    </ClCompile>
    <ClCompile Include="ImGui\imgui_widgets.cpp">
      <Filter>Sources\Tools\ImGui</Filter>
    </ClCompile>
    <ClCompile Include="AddWindow.cpp">
      <Filter>Sources\Modules\UI</Filter>
    </ClCompile>
    <ClCompile Include="ModuleGameObject.cpp">
      <Filter>Sources\Modules</Filter>
    </ClCompile>
    <ClCompile Include="ModuleComponent.cpp">
      <Filter>Sources\Modules</Filter>
    </ClCompile>
    <ClCompile Include="ModuleFileSystem.cpp">
      <Filter>Sources\Modules</Filter>
    </ClCompile>
    <ClCompile Include="Transform.cpp">
      <Filter>Sources\Modules\Components GameObject</Filter>
    </ClCompile>
    <ClCompile Include="Mesh.cpp">
      <Filter>Sources\Modules\Components GameObject</Filter>
    </ClCompile>
    <ClCompile Include="Material.cpp">
      <Filter>Sources\Modules\Components GameObject</Filter>
    </ClCompile>
    <ClCompile Include="HierarchyWindow.cpp">
      <Filter>Sources\Modules\UI</Filter>
    </ClCompile>
    <ClCompile Include="InspectorWindow.cpp">
      <Filter>Sources\Modules\UI</Filter>
    </ClCompile>
    <ClCompile Include="par_shapes.cpp">
      <Filter>Sources\Tools\Par_shapes</Filter>
    </ClCompile>
    <ClCompile Include="Camera.cpp">
      <Filter>Sources\Modules\Components GameObject</Filter>
    </ClCompile>
    <ClCompile Include="SerializationScene.cpp">
      <Filter>Sources\Modules</Filter>
    </ClCompile>
    <ClCompile Include="Config.cpp">
      <Filter>Sources\Tools</Filter>
    </ClCompile>
    <ClCompile Include="SaveLoadWindow.cpp">
      <Filter>Sources\Modules\UI</Filter>
    </ClCompile>
    <ClCompile Include="TimeManagementWindow.cpp">
      <Filter>Sources\Modules\UI</Filter>
    </ClCompile>
  </ItemGroup>
  <ItemGroup>
    <None Include="Assimp\include\color4.inl">
      <Filter>Sources\Tools\Assimp</Filter>
    </None>
    <None Include="Assimp\include\config.h.in">
      <Filter>Sources\Tools\Assimp</Filter>
    </None>
    <None Include="Assimp\include\material.inl">
      <Filter>Sources\Tools\Assimp</Filter>
    </None>
    <None Include="Assimp\include\matrix3x3.inl">
      <Filter>Sources\Tools\Assimp</Filter>
    </None>
    <None Include="Assimp\include\matrix4x4.inl">
      <Filter>Sources\Tools\Assimp</Filter>
    </None>
    <None Include="Assimp\include\quaternion.inl">
      <Filter>Sources\Tools\Assimp</Filter>
    </None>
    <None Include="Assimp\include\SmoothingGroups.inl">
      <Filter>Sources\Tools\Assimp</Filter>
    </None>
    <None Include="Assimp\include\vector2.inl">
      <Filter>Sources\Tools\Assimp</Filter>
    </None>
    <None Include="Assimp\include\vector3.inl">
      <Filter>Sources\Tools\Assimp</Filter>
    </None>
    <None Include="MathGeoLib\include\Geometry\KDTree.inl">
      <Filter>Sources\Tools\MathGeoLib\Geometry</Filter>
    </None>
    <None Include="MathGeoLib\include\Geometry\QuadTree.inl">
      <Filter>Sources\Tools\MathGeoLib\Geometry</Filter>
    </None>
    <None Include="MathGeoLib\include\Geometry\TriangleMesh_IntersectRay_AVX.inl">
      <Filter>Sources\Tools\MathGeoLib\Geometry</Filter>
    </None>
    <None Include="MathGeoLib\include\Geometry\TriangleMesh_IntersectRay_CPP.inl">
      <Filter>Sources\Tools\MathGeoLib\Geometry</Filter>
    </None>
    <None Include="MathGeoLib\include\Geometry\TriangleMesh_IntersectRay_SSE.inl">
      <Filter>Sources\Tools\MathGeoLib\Geometry</Filter>
    </None>
    <None Include="MathGeoLib\include\Math\Matrix.inl">
      <Filter>Sources\Tools\MathGeoLib\Math</Filter>
    </None>
  </ItemGroup>
</Project>